
Microsoft Visual Studio Solution File, Format Version 12.00
# Visual Studio Version 17
VisualStudioVersion = 17.11.35327.3
MinimumVisualStudioVersion = 10.0.40219.1
Project("{FAE04EC0-301F-11D3-BF4B-00C04F79EFBC}") = "Exemplos", "Exemplos.csproj", "{963305A1-86FB-43DE-9CCB-098FB0FD7F6E}"
EndProject
Global
	GlobalSection(SolutionConfigurationPlatforms) = preSolution
		Debug|Any CPU = Debug|Any CPU
		Release|Any CPU = Release|Any CPU
	EndGlobalSection
	GlobalSection(ProjectConfigurationPlatforms) = postSolution
		{963305A1-86FB-43DE-9CCB-098FB0FD7F6E}.Debug|Any CPU.ActiveCfg = Debug|Any CPU
		{963305A1-86FB-43DE-9CCB-098FB0FD7F6E}.Debug|Any CPU.Build.0 = Debug|Any CPU
		{963305A1-86FB-43DE-9CCB-098FB0FD7F6E}.Release|Any CPU.ActiveCfg = Release|Any CPU
		{963305A1-86FB-43DE-9CCB-098FB0FD7F6E}.Release|Any CPU.Build.0 = Release|Any CPU
	EndGlobalSection
	GlobalSection(SolutionProperties) = preSolution
		HideSolutionNode = FALSE
	EndGlobalSection
	GlobalSection(ExtensibilityGlobals) = postSolution
		SolutionGuid = {75A71706-670F-4BF4-816C-5C1BDA4245DD}
	EndGlobalSection
EndGlobal
